github.com/go-chi/chi/v5 v5.2.4 h1:WtFKPHwlywe8Srng8j2BhOD9312j9cGUxG1SP4V2cR4=
github.com/go-chi/chi/v5 v5.2.4/go.mod h1:X7Gx4mteadT3eDOMTsXzmI4/rwUpOwBHLpAfupzFJP0=
github.com/go-logr/logr v1.4.3 h1:CjnDlHq8ikf6E492q6eKboGOC0T8CDaOvkHCIg8idEI=
github.com/go-logr/logr v1.4.3/go.mod h1:9T104GzyrTigFIr8wt5mBrctHMim0Nb2HLGrmQ40KvY=
github.com/veqryn/slog-context v0.9.0 h1:VNXHBWufRGfKiumi7cYoh7p2iElquZ4v8AnAumFOhEI=
github.com/veqryn/slog-context v0.9.0/go.mod h1:l953waOLsWW6hArZeJDGGKZYLrsOIPBeJ/QQnOA8RU0=
