github.com/go-chi/chi/v5 v5.2.4 h1:WtFKPHwlywe8Srng8j2BhOD9312j9cGUxG1SP4V2cR4=
github.com/go-chi/chi/v5 v5.2.4/go.mod h1:X7Gx4mteadT3eDOMTsXzmI4/rwUpOwBHLpAfupzFJP0=
github.com/go-logr/logr v1.4.2 h1:6pFjapn8bFcIbiKo3XT4j/BhANplGihG6tvd+8rYgrY=
github.com/go-logr/logr v1.4.2/go.mod h1:9T104GzyrTigFIr8wt5mBrctHMim0Nb2HLGrmQ40KvY=
github.com/veqryn/slog-context v0.8.0 h1:lDhwAgjwx52K5StqqQzi5d0Y/F4SNyGZbsXGd8MtucM=
github.com/veqryn/slog-context v0.8.0/go.mod h1:8rsT72p0kzzN9lmkwtabIhxg7ZkpnKblt9x3Eix8Tc0=
